PODS:
  - Nimble (8.0.1)
  - Quick (2.0.0)
  - SnapKit (4.0.1)
  - SwiftFormat/CLI (0.40.4)
  - xcbeautify (0.3.7)

DEPENDENCIES:
  - Nimble
  - Quick
  - SnapKit (~> 4.0.0)
  - SwiftFormat/CLI
  - xcbeautify

SPEC REPOS:
  https://github.com/cocoapods/specs.git:
    - Nimble
    - Quick
    - SnapKit
    - SwiftFormat
    - xcbeautify

SPEC CHECKSUMS:
  Nimble: 45f786ae66faa9a709624227fae502db55a8bdd0
  Quick: ce1276c7c27ba2da3cb2fd0cde053c3648b3b22d
  SnapKit: 0de968a9fec17499afa29683b05d0c775b6d1c29
  SwiftFormat: cc36377840cffa5d0634782875dccf34dc02ff39
  xcbeautify: fda9f094001087791387ca8946e13aeead5a1705

PODFILE CHECKSUM: 273a6c90d2567a98c73d135bb4ae1c7ede33d63d

COCOAPODS: 1.6.1
