PODS:
  - Nimble (8.0.1)
  - Quick (2.0.0)
  - SnapKit (4.0.1)

DEPENDENCIES:
  - Nimble
  - Quick
  - SnapKit (~> 4.0.0)

SPEC REPOS:
  https://github.com/cocoapods/specs.git:
    - Nimble
    - Quick
    - SnapKit

SPEC CHECKSUMS:
  Nimble: 45f786ae66faa9a709624227fae502db55a8bdd0
  Quick: ce1276c7c27ba2da3cb2fd0cde053c3648b3b22d
  SnapKit: 0de968a9fec17499afa29683b05d0c775b6d1c29

PODFILE CHECKSUM: a5bab0855d72ab8768360c92c48857667b2ff0a3

COCOAPODS: 1.6.1
